
Microsoft Visual Studio Solution File, Format Version 12.00
# Visual Studio 2013
VisualStudioVersion = 12.0.21005.1
MinimumVisualStudioVersion = 10.0.40219.1
Project("{F184B08F-C81C-45F6-A57F-5ABD9991F28F}") = "ConsoleApplication1", "ConsoleApplication1\ConsoleApplication1.vbproj", "{743D7A95-D962-4A52-A11D-A3C2F1571E0D}"
EndProject
Project("{FAE04EC0-301F-11D3-BF4B-00C04F79EFBC}") = "ConsoleApplication2", "ConsoleApplication2\ConsoleApplication2.csproj", "{11333488-0D09-4AB1-832A-F3ED82221B4F}"
EndProject
Project("{FAE04EC0-301F-11D3-BF4B-00C04F79EFBC}") = "ConsoleApplication3", "ConsoleApplication3\ConsoleApplication3.csproj", "{933B3C6C-A48A-4A7C-8C46-2F29BA1C38A2}"
EndProject
Project("{FAE04EC0-301F-11D3-BF4B-00C04F79EFBC}") = "UnitTestProject1", "UnitTestProject1\UnitTestProject1.csproj", "{E4FB555A-7387-404F-9AC1-1334AA22E670}"
EndProject
Global
	GlobalSection(SolutionConfigurationPlatforms) = preSolution
		Debug|Any CPU = Debug|Any CPU
		Release|Any CPU = Release|Any CPU
	EndGlobalSection
	GlobalSection(ProjectConfigurationPlatforms) = postSolution
		{743D7A95-D962-4A52-A11D-A3C2F1571E0D}.Debug|Any CPU.ActiveCfg = Debug|Any CPU
		{743D7A95-D962-4A52-A11D-A3C2F1571E0D}.Debug|Any CPU.Build.0 = Debug|Any CPU
		{743D7A95-D962-4A52-A11D-A3C2F1571E0D}.Release|Any CPU.ActiveCfg = Release|Any CPU
		{743D7A95-D962-4A52-A11D-A3C2F1571E0D}.Release|Any CPU.Build.0 = Release|Any CPU
		{11333488-0D09-4AB1-832A-F3ED82221B4F}.Debug|Any CPU.ActiveCfg = Debug|Any CPU
		{11333488-0D09-4AB1-832A-F3ED82221B4F}.Debug|Any CPU.Build.0 = Debug|Any CPU
		{11333488-0D09-4AB1-832A-F3ED82221B4F}.Release|Any CPU.ActiveCfg = Release|Any CPU
		{11333488-0D09-4AB1-832A-F3ED82221B4F}.Release|Any CPU.Build.0 = Release|Any CPU
		{933B3C6C-A48A-4A7C-8C46-2F29BA1C38A2}.Debug|Any CPU.ActiveCfg = Debug|Any CPU
		{933B3C6C-A48A-4A7C-8C46-2F29BA1C38A2}.Debug|Any CPU.Build.0 = Debug|Any CPU
		{933B3C6C-A48A-4A7C-8C46-2F29BA1C38A2}.Release|Any CPU.ActiveCfg = Release|Any CPU
		{933B3C6C-A48A-4A7C-8C46-2F29BA1C38A2}.Release|Any CPU.Build.0 = Release|Any CPU
		{E4FB555A-7387-404F-9AC1-1334AA22E670}.Debug|Any CPU.ActiveCfg = Debug|Any CPU
		{E4FB555A-7387-404F-9AC1-1334AA22E670}.Debug|Any CPU.Build.0 = Debug|Any CPU
		{E4FB555A-7387-404F-9AC1-1334AA22E670}.Release|Any CPU.ActiveCfg = Release|Any CPU
		{E4FB555A-7387-404F-9AC1-1334AA22E670}.Release|Any CPU.Build.0 = Release|Any CPU
	EndGlobalSection
	GlobalSection(SolutionProperties) = preSolution
		HideSolutionNode = FALSE
	EndGlobalSection
EndGlobal
