
Microsoft Visual Studio Solution File, Format Version 12.00
# Visual Studio 2013
VisualStudioVersion = 12.0.21005.1
MinimumVisualStudioVersion = 10.0.40219.1
Project("{FAE04EC0-301F-11D3-BF4B-00C04F79EFBC}") = "ConsoleApplication2", "ConsoleApplication2\ConsoleApplication2.csproj", "{E34958FA-05D7-405E-9153-D1731DC35F1A}"
EndProject
Project("{FAE04EC0-301F-11D3-BF4B-00C04F79EFBC}") = "ConsoleApplication1", "ConsoleApplication1\ConsoleApplication1.csproj", "{195B2141-281F-41C5-B027-9B5D04006B8D}"
EndProject
Project("{FAE04EC0-301F-11D3-BF4B-00C04F79EFBC}") = "ConsoleApplication4", "ConsoleApplication4\ConsoleApplication4.csproj", "{B8D43459-94DA-408C-84A6-AD3C9E48B2BE}"
EndProject
Global
	GlobalSection(SolutionConfigurationPlatforms) = preSolution
		Debug|Any CPU = Debug|Any CPU
		Release|Any CPU = Release|Any CPU
	EndGlobalSection
	GlobalSection(ProjectConfigurationPlatforms) = postSolution
		{E34958FA-05D7-405E-9153-D1731DC35F1A}.Debug|Any CPU.ActiveCfg = Debug|Any CPU
		{E34958FA-05D7-405E-9153-D1731DC35F1A}.Debug|Any CPU.Build.0 = Debug|Any CPU
		{E34958FA-05D7-405E-9153-D1731DC35F1A}.Release|Any CPU.ActiveCfg = Release|Any CPU
		{E34958FA-05D7-405E-9153-D1731DC35F1A}.Release|Any CPU.Build.0 = Release|Any CPU
		{195B2141-281F-41C5-B027-9B5D04006B8D}.Debug|Any CPU.ActiveCfg = Debug|Any CPU
		{195B2141-281F-41C5-B027-9B5D04006B8D}.Debug|Any CPU.Build.0 = Debug|Any CPU
		{195B2141-281F-41C5-B027-9B5D04006B8D}.Release|Any CPU.ActiveCfg = Release|Any CPU
		{195B2141-281F-41C5-B027-9B5D04006B8D}.Release|Any CPU.Build.0 = Release|Any CPU
		{B8D43459-94DA-408C-84A6-AD3C9E48B2BE}.Debug|Any CPU.ActiveCfg = Debug|Any CPU
		{B8D43459-94DA-408C-84A6-AD3C9E48B2BE}.Debug|Any CPU.Build.0 = Debug|Any CPU
		{B8D43459-94DA-408C-84A6-AD3C9E48B2BE}.Release|Any CPU.ActiveCfg = Release|Any CPU
		{B8D43459-94DA-408C-84A6-AD3C9E48B2BE}.Release|Any CPU.Build.0 = Release|Any CPU
	EndGlobalSection
	GlobalSection(SolutionProperties) = preSolution
		HideSolutionNode = FALSE
	EndGlobalSection
EndGlobal
